{
  "name": "crud_react_native",
  "lockfileVersion": 2,
  "requires": true,
  "packages": {
    "": {
      "dependencies": {
        "anonymous-files": "^1.0.1"
      }
    },
    "node_modules/anonymous-files": {
      "version": "1.0.1",
      "resolved": "https://registry.npmjs.org/anonymous-files/-/anonymous-files-1.0.1.tgz",
      "integrity": "sha512-Jbxjad77k4l3cvJPgC+p5/hz/lxQQk3OocWM/hEdsTadX4q+62h8XfbKFNTZHalEkM2pt2EtAiqyzPDga1KMCw=="
    }
  },
  "dependencies": {
    "anonymous-files": {
      "version": "1.0.1",
      "resolved": "https://registry.npmjs.org/anonymous-files/-/anonymous-files-1.0.1.tgz",
      "integrity": "sha512-Jbxjad77k4l3cvJPgC+p5/hz/lxQQk3OocWM/hEdsTadX4q+62h8XfbKFNTZHalEkM2pt2EtAiqyzPDga1KMCw=="
    }
  }
}
